// !$*UTF8*$!
{
	archiveVersion = 1;
	classes = {
	};
	objectVersion = 50;
	objects = {

/* Begin PBXBuildFile section */
		9A0BE318232F902E008B68F1 /* AppDelegate.m in Sources */ = {isa = PBXBuildFile; fileRef = 9A0BE317232F902E008B68F1 /* AppDelegate.m */; };
		9A0BE31B232F902E008B68F1 /* ViewController.m in Sources */ = {isa = PBXBuildFile; fileRef = 9A0BE31A232F902E008B68F1 /* ViewController.m */; };
		9A0BE31E232F902E008B68F1 /* Main.storyboard in Resources */ = {isa = PBXBuildFile; fileRef = 9A0BE31C232F902E008B68F1 /* Main.storyboard */; };
		9A0BE320232F902F008B68F1 /* Assets.xcassets in Resources */ = {isa = PBXBuildFile; fileRef = 9A0BE31F232F902F008B68F1 /* Assets.xcassets */; };
		9A0BE323232F902F008B68F1 /* LaunchScreen.storyboard in Resources */ = {isa = PBXBuildFile; fileRef = 9A0BE321232F902F008B68F1 /* LaunchScreen.storyboard */; };
		9A0BE326232F902F008B68F1 /* main.m in Sources */ = {isa = PBXBuildFile; fileRef = 9A0BE325232F902F008B68F1 /* main.m */; };
		9A0BE330232F902F008B68F1 /* FJFRuntimeInterviewQuestionDemoTests.m in Sources */ = {isa = PBXBuildFile; fileRef = 9A0BE32F232F902F008B68F1 /* FJFRuntimeInterviewQuestionDemoTests.m */; };
		9A0BE33B232F902F008B68F1 /* FJFRuntimeInterviewQuestionDemoUITests.m in Sources */ = {isa = PBXBuildFile; fileRef = 9A0BE33A232F902F008B68F1 /* FJFRuntimeInterviewQuestionDemoUITests.m */; };
		9A0BE34A232F9057008B68F1 /* FJFPerson.m in Sources */ = {isa = PBXBuildFile; fileRef = 9A0BE349232F9057008B68F1 /* FJFPerson.m */; };
/* End PBXBuildFile section */

/* Begin PBXContainerItemProxy section */
		9A0BE32C232F902F008B68F1 /* PBXContainerItemProxy */ = {
			isa = PBXContainerItemProxy;
			containerPortal = 9A0BE30B232F902E008B68F1 /* Project object */;
			proxyType = 1;
			remoteGlobalIDString = 9A0BE312232F902E008B68F1;
			remoteInfo = FJFRuntimeInterviewQuestionDemo;
		};
		9A0BE337232F902F008B68F1 /* PBXContainerItemProxy */ = {
			isa = PBXContainerItemProxy;
			containerPortal = 9A0BE30B232F902E008B68F1 /* Project object */;
			proxyType = 1;
			remoteGlobalIDString = 9A0BE312232F902E008B68F1;
			remoteInfo = FJFRuntimeInterviewQuestionDemo;
		};
/* End PBXContainerItemProxy section */

/* Begin PBXFileReference section */
		9A0BE313232F902E008B68F1 /* FJFRuntimeInterviewQuestionDemo.app */ = {isa = PBXFileReference; explicitFileType = wrapper.application; includeInIndex = 0; path = FJFRuntimeInterviewQuestionDemo.app; sourceTree = BUILT_PRODUCTS_DIR; };
		9A0BE316232F902E008B68F1 /* AppDelegate.h */ = {isa = PBXFileReference; lastKnownFileType = sourcecode.c.h; path = AppDelegate.h; sourceTree = "<group>"; };
		9A0BE317232F902E008B68F1 /* AppDelegate.m */ = {isa = PBXFileReference; lastKnownFileType = sourcecode.c.objc; path = AppDelegate.m; sourceTree = "<group>"; };
		9A0BE319232F902E008B68F1 /* ViewController.h */ = {isa = PBXFileReference; lastKnownFileType = sourcecode.c.h; path = ViewController.h; sourceTree = "<group>"; };
		9A0BE31A232F902E008B68F1 /* ViewController.m */ = {isa = PBXFileReference; lastKnownFileType = sourcecode.c.objc; path = ViewController.m; sourceTree = "<group>"; };
		9A0BE31D232F902E008B68F1 /* Base */ = {isa = PBXFileReference; lastKnownFileType = file.storyboard; name = Base; path = Base.lproj/Main.storyboard; sourceTree = "<group>"; };
		9A0BE31F232F902F008B68F1 /* Assets.xcassets */ = {isa = PBXFileReference; lastKnownFileType = folder.assetcatalog; path = Assets.xcassets; sourceTree = "<group>"; };
		9A0BE322232F902F008B68F1 /* Base */ = {isa = PBXFileReference; lastKnownFileType = file.storyboard; name = Base; path = Base.lproj/LaunchScreen.storyboard; sourceTree = "<group>"; };
		9A0BE324232F902F008B68F1 /* Info.plist */ = {isa = PBXFileReference; lastKnownFileType = text.plist.xml; path = Info.plist; sourceTree = "<group>"; };
		9A0BE325232F902F008B68F1 /* main.m */ = {isa = PBXFileReference; lastKnownFileType = sourcecode.c.objc; path = main.m; sourceTree = "<group>"; };
		9A0BE32B232F902F008B68F1 /* FJFRuntimeInterviewQuestionDemoTests.xctest */ = {isa = PBXFileReference; explicitFileType = wrapper.cfbundle; includeInIndex = 0; path = FJFRuntimeInterviewQuestionDemoTests.xctest; sourceTree = BUILT_PRODUCTS_DIR; };
		9A0BE32F232F902F008B68F1 /* FJFRuntimeInterviewQuestionDemoTests.m */ = {isa = PBXFileReference; lastKnownFileType = sourcecode.c.objc; path = FJFRuntimeInterviewQuestionDemoTests.m; sourceTree = "<group>"; };
		9A0BE331232F902F008B68F1 /* Info.plist */ = {isa = PBXFileReference; lastKnownFileType = text.plist.xml; path = Info.plist; sourceTree = "<group>"; };
		9A0BE336232F902F008B68F1 /* FJFRuntimeInterviewQuestionDemoUITests.xctest */ = {isa = PBXFileReference; explicitFileType = wrapper.cfbundle; includeInIndex = 0; path = FJFRuntimeInterviewQuestionDemoUITests.xctest; sourceTree = BUILT_PRODUCTS_DIR; };
		9A0BE33A232F902F008B68F1 /* FJFRuntimeInterviewQuestionDemoUITests.m */ = {isa = PBXFileReference; lastKnownFileType = sourcecode.c.objc; path = FJFRuntimeInterviewQuestionDemoUITests.m; sourceTree = "<group>"; };
		9A0BE33C232F902F008B68F1 /* Info.plist */ = {isa = PBXFileReference; lastKnownFileType = text.plist.xml; path = Info.plist; sourceTree = "<group>"; };
		9A0BE348232F9057008B68F1 /* FJFPerson.h */ = {isa = PBXFileReference; lastKnownFileType = sourcecode.c.h; path = FJFPerson.h; sourceTree = "<group>"; };
		9A0BE349232F9057008B68F1 /* FJFPerson.m */ = {isa = PBXFileReference; lastKnownFileType = sourcecode.c.objc; path = FJFPerson.m; sourceTree = "<group>"; };
/* End PBXFileReference section */

/* Begin PBXFrameworksBuildPhase section */
		9A0BE310232F902E008B68F1 /* Frameworks */ = {
			isa = PBXFrameworksBuildPhase;
			buildActionMask = 2147483647;
			files = (
			);
			runOnlyForDeploymentPostprocessing = 0;
		};
		9A0BE328232F902F008B68F1 /* Frameworks */ = {
			isa = PBXFrameworksBuildPhase;
			buildActionMask = 2147483647;
			files = (
			);
			runOnlyForDeploymentPostprocessing = 0;
		};
		9A0BE333232F902F008B68F1 /* Frameworks */ = {
			isa = PBXFrameworksBuildPhase;
			buildActionMask = 2147483647;
			files = (
			);
			runOnlyForDeploymentPostprocessing = 0;
		};
/* End PBXFrameworksBuildPhase section */

/* Begin PBXGroup section */
		9A0BE30A232F902E008B68F1 = {
			isa = PBXGroup;
			children = (
				9A0BE315232F902E008B68F1 /* FJFRuntimeInterviewQuestionDemo */,
				9A0BE32E232F902F008B68F1 /* FJFRuntimeInterviewQuestionDemoTests */,
				9A0BE339232F902F008B68F1 /* FJFRuntimeInterviewQuestionDemoUITests */,
				9A0BE314232F902E008B68F1 /* Products */,
			);
			sourceTree = "<group>";
		};
		9A0BE314232F902E008B68F1 /* Products */ = {
			isa = PBXGroup;
			children = (
				9A0BE313232F902E008B68F1 /* FJFRuntimeInterviewQuestionDemo.app */,
				9A0BE32B232F902F008B68F1 /* FJFRuntimeInterviewQuestionDemoTests.xctest */,
				9A0BE336232F902F008B68F1 /* FJFRuntimeInterviewQuestionDemoUITests.xctest */,
			);
			name = Products;
			sourceTree = "<group>";
		};
		9A0BE315232F902E008B68F1 /* FJFRuntimeInterviewQuestionDemo */ = {
			isa = PBXGroup;
			children = (
				9A0BE316232F902E008B68F1 /* AppDelegate.h */,
				9A0BE317232F902E008B68F1 /* AppDelegate.m */,
				9A0BE319232F902E008B68F1 /* ViewController.h */,
				9A0BE31A232F902E008B68F1 /* ViewController.m */,
				9A0BE348232F9057008B68F1 /* FJFPerson.h */,
				9A0BE349232F9057008B68F1 /* FJFPerson.m */,
				9A0BE31C232F902E008B68F1 /* Main.storyboard */,
				9A0BE31F232F902F008B68F1 /* Assets.xcassets */,
				9A0BE321232F902F008B68F1 /* LaunchScreen.storyboard */,
				9A0BE324232F902F008B68F1 /* Info.plist */,
				9A0BE325232F902F008B68F1 /* main.m */,
			);
			path = FJFRuntimeInterviewQuestionDemo;
			sourceTree = "<group>";
		};
		9A0BE32E232F902F008B68F1 /* FJFRuntimeInterviewQuestionDemoTests */ = {
			isa = PBXGroup;
			children = (
				9A0BE32F232F902F008B68F1 /* FJFRuntimeInterviewQuestionDemoTests.m */,
				9A0BE331232F902F008B68F1 /* Info.plist */,
			);
			path = FJFRuntimeInterviewQuestionDemoTests;
			sourceTree = "<group>";
		};
		9A0BE339232F902F008B68F1 /* FJFRuntimeInterviewQuestionDemoUITests */ = {
			isa = PBXGroup;
			children = (
				9A0BE33A232F902F008B68F1 /* FJFRuntimeInterviewQuestionDemoUITests.m */,
				9A0BE33C232F902F008B68F1 /* Info.plist */,
			);
			path = FJFRuntimeInterviewQuestionDemoUITests;
			sourceTree = "<group>";
		};
/* End PBXGroup section */

/* Begin PBXNativeTarget section */
		9A0BE312232F902E008B68F1 /* FJFRuntimeInterviewQuestionDemo */ = {
			isa = PBXNativeTarget;
			buildConfigurationList = 9A0BE33F232F902F008B68F1 /* Build configuration list for PBXNativeTarget "FJFRuntimeInterviewQuestionDemo" */;
			buildPhases = (
				9A0BE30F232F902E008B68F1 /* Sources */,
				9A0BE310232F902E008B68F1 /* Frameworks */,
				9A0BE311232F902E008B68F1 /* Resources */,
			);
			buildRules = (
			);
			dependencies = (
			);
			name = FJFRuntimeInterviewQuestionDemo;
			productName = FJFRuntimeInterviewQuestionDemo;
			productReference = 9A0BE313232F902E008B68F1 /* FJFRuntimeInterviewQuestionDemo.app */;
			productType = "com.apple.product-type.application";
		};
		9A0BE32A232F902F008B68F1 /* FJFRuntimeInterviewQuestionDemoTests */ = {
			isa = PBXNativeTarget;
			buildConfigurationList = 9A0BE342232F902F008B68F1 /* Build configuration list for PBXNativeTarget "FJFRuntimeInterviewQuestionDemoTests" */;
			buildPhases = (
				9A0BE327232F902F008B68F1 /* Sources */,
				9A0BE328232F902F008B68F1 /* Frameworks */,
				9A0BE329232F902F008B68F1 /* Resources */,
			);
			buildRules = (
			);
			dependencies = (
				9A0BE32D232F902F008B68F1 /* PBXTargetDependency */,
			);
			name = FJFRuntimeInterviewQuestionDemoTests;
			productName = FJFRuntimeInterviewQuestionDemoTests;
			productReference = 9A0BE32B232F902F008B68F1 /* FJFRuntimeInterviewQuestionDemoTests.xctest */;
			productType = "com.apple.product-type.bundle.unit-test";
		};
		9A0BE335232F902F008B68F1 /* FJFRuntimeInterviewQuestionDemoUITests */ = {
			isa = PBXNativeTarget;
			buildConfigurationList = 9A0BE345232F902F008B68F1 /* Build configuration list for PBXNativeTarget "FJFRuntimeInterviewQuestionDemoUITests" */;
			buildPhases = (
				9A0BE332232F902F008B68F1 /* Sources */,
				9A0BE333232F902F008B68F1 /* Frameworks */,
				9A0BE334232F902F008B68F1 /* Resources */,
			);
			buildRules = (
			);
			dependencies = (
				9A0BE338232F902F008B68F1 /* PBXTargetDependency */,
			);
			name = FJFRuntimeInterviewQuestionDemoUITests;
			productName = FJFRuntimeInterviewQuestionDemoUITests;
			productReference = 9A0BE336232F902F008B68F1 /* FJFRuntimeInterviewQuestionDemoUITests.xctest */;
			productType = "com.apple.product-type.bundle.ui-testing";
		};
/* End PBXNativeTarget section */

/* Begin PBXProject section */
		9A0BE30B232F902E008B68F1 /* Project object */ = {
			isa = PBXProject;
			attributes = {
				LastUpgradeCheck = 1030;
				ORGANIZATIONNAME = macmini;
				TargetAttributes = {
					9A0BE312232F902E008B68F1 = {
						CreatedOnToolsVersion = 10.3;
					};
					9A0BE32A232F902F008B68F1 = {
						CreatedOnToolsVersion = 10.3;
						TestTargetID = 9A0BE312232F902E008B68F1;
					};
					9A0BE335232F902F008B68F1 = {
						CreatedOnToolsVersion = 10.3;
						TestTargetID = 9A0BE312232F902E008B68F1;
					};
				};
			};
			buildConfigurationList = 9A0BE30E232F902E008B68F1 /* Build configuration list for PBXProject "FJFRuntimeInterviewQuestionDemo" */;
			compatibilityVersion = "Xcode 9.3";
			developmentRegion = en;
			hasScannedForEncodings = 0;
			knownRegions = (
				en,
				Base,
			);
			mainGroup = 9A0BE30A232F902E008B68F1;
			productRefGroup = 9A0BE314232F902E008B68F1 /* Products */;
			projectDirPath = "";
			projectRoot = "";
			targets = (
				9A0BE312232F902E008B68F1 /* FJFRuntimeInterviewQuestionDemo */,
				9A0BE32A232F902F008B68F1 /* FJFRuntimeInterviewQuestionDemoTests */,
				9A0BE335232F902F008B68F1 /* FJFRuntimeInterviewQuestionDemoUITests */,
			);
		};
/* End PBXProject section */

/* Begin PBXResourcesBuildPhase section */
		9A0BE311232F902E008B68F1 /* Resources */ = {
			isa = PBXResourcesBuildPhase;
			buildActionMask = 2147483647;
			files = (
				9A0BE323232F902F008B68F1 /* LaunchScreen.storyboard in Resources */,
				9A0BE320232F902F008B68F1 /* Assets.xcassets in Resources */,
				9A0BE31E232F902E008B68F1 /* Main.storyboard in Resources */,
			);
			runOnlyForDeploymentPostprocessing = 0;
		};
		9A0BE329232F902F008B68F1 /* Resources */ = {
			isa = PBXResourcesBuildPhase;
			buildActionMask = 2147483647;
			files = (
			);
			runOnlyForDeploymentPostprocessing = 0;
		};
		9A0BE334232F902F008B68F1 /* Resources */ = {
			isa = PBXResourcesBuildPhase;
			buildActionMask = 2147483647;
			files = (
			);
			runOnlyForDeploymentPostprocessing = 0;
		};
/* End PBXResourcesBuildPhase section */

/* Begin PBXSourcesBuildPhase section */
		9A0BE30F232F902E008B68F1 /* Sources */ = {
			isa = PBXSourcesBuildPhase;
			buildActionMask = 2147483647;
			files = (
				9A0BE31B232F902E008B68F1 /* ViewController.m in Sources */,
				9A0BE326232F902F008B68F1 /* main.m in Sources */,
				9A0BE318232F902E008B68F1 /* AppDelegate.m in Sources */,
				9A0BE34A232F9057008B68F1 /* FJFPerson.m in Sources */,
			);
			runOnlyForDeploymentPostprocessing = 0;
		};
		9A0BE327232F902F008B68F1 /* Sources */ = {
			isa = PBXSourcesBuildPhase;
			buildActionMask = 2147483647;
			files = (
				9A0BE330232F902F008B68F1 /* FJFRuntimeInterviewQuestionDemoTests.m in Sources */,
			);
			runOnlyForDeploymentPostprocessing = 0;
		};
		9A0BE332232F902F008B68F1 /* Sources */ = {
			isa = PBXSourcesBuildPhase;
			buildActionMask = 2147483647;
			files = (
				9A0BE33B232F902F008B68F1 /* FJFRuntimeInterviewQuestionDemoUITests.m in Sources */,
			);
			runOnlyForDeploymentPostprocessing = 0;
		};
/* End PBXSourcesBuildPhase section */

/* Begin PBXTargetDependency section */
		9A0BE32D232F902F008B68F1 /* PBXTargetDependency */ = {
			isa = PBXTargetDependency;
			target = 9A0BE312232F902E008B68F1 /* FJFRuntimeInterviewQuestionDemo */;
			targetProxy = 9A0BE32C232F902F008B68F1 /* PBXContainerItemProxy */;
		};
		9A0BE338232F902F008B68F1 /* PBXTargetDependency */ = {
			isa = PBXTargetDependency;
			target = 9A0BE312232F902E008B68F1 /* FJFRuntimeInterviewQuestionDemo */;
			targetProxy = 9A0BE337232F902F008B68F1 /* PBXContainerItemProxy */;
		};
/* End PBXTargetDependency section */

/* Begin PBXVariantGroup section */
		9A0BE31C232F902E008B68F1 /* Main.storyboard */ = {
			isa = PBXVariantGroup;
			children = (
				9A0BE31D232F902E008B68F1 /* Base */,
			);
			name = Main.storyboard;
			sourceTree = "<group>";
		};
		9A0BE321232F902F008B68F1 /* LaunchScreen.storyboard */ = {
			isa = PBXVariantGroup;
			children = (
				9A0BE322232F902F008B68F1 /* Base */,
			);
			name = LaunchScreen.storyboard;
			sourceTree = "<group>";
		};
/* End PBXVariantGroup section */

/* Begin XCBuildConfiguration section */
		9A0BE33D232F902F008B68F1 /* Debug */ = {
			isa = XCBuildConfiguration;
			buildSettings = {
				ALWAYS_SEARCH_USER_PATHS = NO;
				CLANG_ANALYZER_NONNULL = YES;
				CLANG_ANALYZER_NUMBER_OBJECT_CONVERSION = YES_AGGRESSIVE;
				CLANG_CXX_LANGUAGE_STANDARD = "gnu++14";
				CLANG_CXX_LIBRARY = "libc++";
				CLANG_ENABLE_MODULES = YES;
				CLANG_ENABLE_OBJC_ARC = YES;
				CLANG_ENABLE_OBJC_WEAK = YES;
				CLANG_WARN_BLOCK_CAPTURE_AUTORELEASING = YES;
				CLANG_WARN_BOOL_CONVERSION = YES;
				CLANG_WARN_COMMA = YES;
				CLANG_WARN_CONSTANT_CONVERSION = YES;
				CLANG_WARN_DEPRECATED_OBJC_IMPLEMENTATIONS = YES;
				CLANG_WARN_DIRECT_OBJC_ISA_USAGE = YES_ERROR;
				CLANG_WARN_DOCUMENTATION_COMMENTS = YES;
				CLANG_WARN_EMPTY_BODY = YES;
				CLANG_WARN_ENUM_CONVERSION = YES;
				CLANG_WARN_INFINITE_RECURSION = YES;
				CLANG_WARN_INT_CONVERSION = YES;
				CLANG_WARN_NON_LITERAL_NULL_CONVERSION = YES;
				CLANG_WARN_OBJC_IMPLICIT_RETAIN_SELF = YES;
				CLANG_WARN_OBJC_LITERAL_CONVERSION = YES;
				CLANG_WARN_OBJC_ROOT_CLASS = YES_ERROR;
				CLANG_WARN_RANGE_LOOP_ANALYSIS = YES;
				CLANG_WARN_STRICT_PROTOTYPES = YES;
				CLANG_WARN_SUSPICIOUS_MOVE = YES;
				CLANG_WARN_UNGUARDED_AVAILABILITY = YES_AGGRESSIVE;
				CLANG_WARN_UNREACHABLE_CODE = YES;
				CLANG_WARN__DUPLICATE_METHOD_MATCH = YES;
				CODE_SIGN_IDENTITY = "iPhone Developer";
				COPY_PHASE_STRIP = NO;
				DEBUG_INFORMATION_FORMAT = dwarf;
				ENABLE_STRICT_OBJC_MSGSEND = YES;
				ENABLE_TESTABILITY = YES;
				GCC_C_LANGUAGE_STANDARD = gnu11;
				GCC_DYNAMIC_NO_PIC = NO;
				GCC_NO_COMMON_BLOCKS = YES;
				GCC_OPTIMIZATION_LEVEL = 0;
				GCC_PREPROCESSOR_DEFINITIONS = (
					"DEBUG=1",
					"$(inherited)",
				);
				GCC_WARN_64_TO_32_BIT_CONVERSION = YES;
				GCC_WARN_ABOUT_RETURN_TYPE = YES_ERROR;
				GCC_WARN_UNDECLARED_SELECTOR = YES;
				GCC_WARN_UNINITIALIZED_AUTOS = YES_AGGRESSIVE;
				GCC_WARN_UNUSED_FUNCTION = YES;
				GCC_WARN_UNUSED_VARIABLE = YES;
				IPHONEOS_DEPLOYMENT_TARGET = 12.4;
				MTL_ENABLE_DEBUG_INFO = INCLUDE_SOURCE;
				MTL_FAST_MATH = YES;
				ONLY_ACTIVE_ARCH = YES;
				SDKROOT = iphoneos;
			};
			name = Debug;
		};
		9A0BE33E232F902F008B68F1 /* Release */ = {
			isa = XCBuildConfiguration;
			buildSettings = {
				ALWAYS_SEARCH_USER_PATHS = NO;
				CLANG_ANALYZER_NONNULL = YES;
				CLANG_ANALYZER_NUMBER_OBJECT_CONVERSION = YES_AGGRESSIVE;
				CLANG_CXX_LANGUAGE_STANDARD = "gnu++14";
				CLANG_CXX_LIBRARY = "libc++";
				CLANG_ENABLE_MODULES = YES;
				CLANG_ENABLE_OBJC_ARC = YES;
				CLANG_ENABLE_OBJC_WEAK = YES;
				CLANG_WARN_BLOCK_CAPTURE_AUTORELEASING = YES;
				CLANG_WARN_BOOL_CONVERSION = YES;
				CLANG_WARN_COMMA = YES;
				CLANG_WARN_CONSTANT_CONVERSION = YES;
				CLANG_WARN_DEPRECATED_OBJC_IMPLEMENTATIONS = YES;
				CLANG_WARN_DIRECT_OBJC_ISA_USAGE = YES_ERROR;
				CLANG_WARN_DOCUMENTATION_COMMENTS = YES;
				CLANG_WARN_EMPTY_BODY = YES;
				CLANG_WARN_ENUM_CONVERSION = YES;
				CLANG_WARN_INFINITE_RECURSION = YES;
				CLANG_WARN_INT_CONVERSION = YES;
				CLANG_WARN_NON_LITERAL_NULL_CONVERSION = YES;
				CLANG_WARN_OBJC_IMPLICIT_RETAIN_SELF = YES;
				CLANG_WARN_OBJC_LITERAL_CONVERSION = YES;
				CLANG_WARN_OBJC_ROOT_CLASS = YES_ERROR;
				CLANG_WARN_RANGE_LOOP_ANALYSIS = YES;
				CLANG_WARN_STRICT_PROTOTYPES = YES;
				CLANG_WARN_SUSPICIOUS_MOVE = YES;
				CLANG_WARN_UNGUARDED_AVAILABILITY = YES_AGGRESSIVE;
				CLANG_WARN_UNREACHABLE_CODE = YES;
				CLANG_WARN__DUPLICATE_METHOD_MATCH = YES;
				CODE_SIGN_IDENTITY = "iPhone Developer";
				COPY_PHASE_STRIP = NO;
				DEBUG_INFORMATION_FORMAT = "dwarf-with-dsym";
				ENABLE_NS_ASSERTIONS = NO;
				ENABLE_STRICT_OBJC_MSGSEND = YES;
				GCC_C_LANGUAGE_STANDARD = gnu11;
				GCC_NO_COMMON_BLOCKS = YES;
				GCC_WARN_64_TO_32_BIT_CONVERSION = YES;
				GCC_WARN_ABOUT_RETURN_TYPE = YES_ERROR;
				GCC_WARN_UNDECLARED_SELECTOR = YES;
				GCC_WARN_UNINITIALIZED_AUTOS = YES_AGGRESSIVE;
				GCC_WARN_UNUSED_FUNCTION = YES;
				GCC_WARN_UNUSED_VARIABLE = YES;
				IPHONEOS_DEPLOYMENT_TARGET = 12.4;
				MTL_ENABLE_DEBUG_INFO = NO;
				MTL_FAST_MATH = YES;
				SDKROOT = iphoneos;
				VALIDATE_PRODUCT = YES;
			};
			name = Release;
		};
		9A0BE340232F902F008B68F1 /* Debug */ = {
			isa = XCBuildConfiguration;
			buildSettings = {
				ASSETCATALOG_COMPILER_APPICON_NAME = AppIcon;
				CODE_SIGN_IDENTITY = "Apple Development";
				CODE_SIGN_STYLE = Automatic;
				DEVELOPMENT_TEAM = 2PB2XYK7EA;
				INFOPLIST_FILE = FJFRuntimeInterviewQuestionDemo/Info.plist;
				IPHONEOS_DEPLOYMENT_TARGET = 9.1;
				LD_RUNPATH_SEARCH_PATHS = (
					"$(inherited)",
					"@executable_path/Frameworks",
				);
				PRODUCT_BUNDLE_IDENTIFIER = FJF.yb.ballworldDevelop;
				PRODUCT_NAME = "$(TARGET_NAME)";
				PROVISIONING_PROFILE_SPECIFIER = "";
				TARGETED_DEVICE_FAMILY = "1,2";
			};
			name = Debug;
		};
		9A0BE341232F902F008B68F1 /* Release */ = {
			isa = XCBuildConfiguration;
			buildSettings = {
				ASSETCATALOG_COMPILER_APPICON_NAME = AppIcon;
				CODE_SIGN_STYLE = Manual;
				DEVELOPMENT_TEAM = "";
				INFOPLIST_FILE = FJFRuntimeInterviewQuestionDemo/Info.plist;
				IPHONEOS_DEPLOYMENT_TARGET = 9.1;
				LD_RUNPATH_SEARCH_PATHS = (
					"$(inherited)",
					"@executable_path/Frameworks",
				);
				PRODUCT_BUNDLE_IDENTIFIER = FJF.yb.ballworldDevelop;
				PRODUCT_NAME = "$(TARGET_NAME)";
				PROVISIONING_PROFILE_SPECIFIER = "";
				TARGETED_DEVICE_FAMILY = "1,2";
			};
			name = Release;
		};
		9A0BE343232F902F008B68F1 /* Debug */ = {
			isa = XCBuildConfiguration;
			buildSettings = {
				BUNDLE_LOADER = "$(TEST_HOST)";
				CODE_SIGN_STYLE = Automatic;
				DEVELOPMENT_TEAM = SDMS3W5X5V;
				INFOPLIST_FILE = FJFRuntimeInterviewQuestionDemoTests/Info.plist;
				LD_RUNPATH_SEARCH_PATHS = (
					"$(inherited)",
					"@executable_path/Frameworks",
					"@loader_path/Frameworks",
				);
				PRODUCT_BUNDLE_IDENTIFIER = FJF.FJFRuntimeInterviewQuestionDemoTests;
				PRODUCT_NAME = "$(TARGET_NAME)";
				TARGETED_DEVICE_FAMILY = "1,2";
				TEST_HOST = "$(BUILT_PRODUCTS_DIR)/FJFRuntimeInterviewQuestionDemo.app/FJFRuntimeInterviewQuestionDemo";
			};
			name = Debug;
		};
		9A0BE344232F902F008B68F1 /* Release */ = {
			isa = XCBuildConfiguration;
			buildSettings = {
				BUNDLE_LOADER = "$(TEST_HOST)";
				CODE_SIGN_STYLE = Automatic;
				DEVELOPMENT_TEAM = SDMS3W5X5V;
				INFOPLIST_FILE = FJFRuntimeInterviewQuestionDemoTests/Info.plist;
				LD_RUNPATH_SEARCH_PATHS = (
					"$(inherited)",
					"@executable_path/Frameworks",
					"@loader_path/Frameworks",
				);
				PRODUCT_BUNDLE_IDENTIFIER = FJF.FJFRuntimeInterviewQuestionDemoTests;
				PRODUCT_NAME = "$(TARGET_NAME)";
				TARGETED_DEVICE_FAMILY = "1,2";
				TEST_HOST = "$(BUILT_PRODUCTS_DIR)/FJFRuntimeInterviewQuestionDemo.app/FJFRuntimeInterviewQuestionDemo";
			};
			name = Release;
		};
		9A0BE346232F902F008B68F1 /* Debug */ = {
			isa = XCBuildConfiguration;
			buildSettings = {
				CODE_SIGN_STYLE = Automatic;
				DEVELOPMENT_TEAM = SDMS3W5X5V;
				INFOPLIST_FILE = FJFRuntimeInterviewQuestionDemoUITests/Info.plist;
				LD_RUNPATH_SEARCH_PATHS = (
					"$(inherited)",
					"@executable_path/Frameworks",
					"@loader_path/Frameworks",
				);
				PRODUCT_BUNDLE_IDENTIFIER = FJF.FJFRuntimeInterviewQuestionDemoUITests;
				PRODUCT_NAME = "$(TARGET_NAME)";
				TARGETED_DEVICE_FAMILY = "1,2";
				TEST_TARGET_NAME = FJFRuntimeInterviewQuestionDemo;
			};
			name = Debug;
		};
		9A0BE347232F902F008B68F1 /* Release */ = {
			isa = XCBuildConfiguration;
			buildSettings = {
				CODE_SIGN_STYLE = Automatic;
				DEVELOPMENT_TEAM = SDMS3W5X5V;
				INFOPLIST_FILE = FJFRuntimeInterviewQuestionDemoUITests/Info.plist;
				LD_RUNPATH_SEARCH_PATHS = (
					"$(inherited)",
					"@executable_path/Frameworks",
					"@loader_path/Frameworks",
				);
				PRODUCT_BUNDLE_IDENTIFIER = FJF.FJFRuntimeInterviewQuestionDemoUITests;
				PRODUCT_NAME = "$(TARGET_NAME)";
				TARGETED_DEVICE_FAMILY = "1,2";
				TEST_TARGET_NAME = FJFRuntimeInterviewQuestionDemo;
			};
			name = Release;
		};
/* End XCBuildConfiguration section */

/* Begin XCConfigurationList section */
		9A0BE30E232F902E008B68F1 /* Build configuration list for PBXProject "FJFRuntimeInterviewQuestionDemo" */ = {
			isa = XCConfigurationList;
			buildConfigurations = (
				9A0BE33D232F902F008B68F1 /* Debug */,
				9A0BE33E232F902F008B68F1 /* Release */,
			);
			defaultConfigurationIsVisible = 0;
			defaultConfigurationName = Release;
		};
		9A0BE33F232F902F008B68F1 /* Build configuration list for PBXNativeTarget "FJFRuntimeInterviewQuestionDemo" */ = {
			isa = XCConfigurationList;
			buildConfigurations = (
				9A0BE340232F902F008B68F1 /* Debug */,
				9A0BE341232F902F008B68F1 /* Release */,
			);
			defaultConfigurationIsVisible = 0;
			defaultConfigurationName = Release;
		};
		9A0BE342232F902F008B68F1 /* Build configuration list for PBXNativeTarget "FJFRuntimeInterviewQuestionDemoTests" */ = {
			isa = XCConfigurationList;
			buildConfigurations = (
				9A0BE343232F902F008B68F1 /* Debug */,
				9A0BE344232F902F008B68F1 /* Release */,
			);
			defaultConfigurationIsVisible = 0;
			defaultConfigurationName = Release;
		};
		9A0BE345232F902F008B68F1 /* Build configuration list for PBXNativeTarget "FJFRuntimeInterviewQuestionDemoUITests" */ = {
			isa = XCConfigurationList;
			buildConfigurations = (
				9A0BE346232F902F008B68F1 /* Debug */,
				9A0BE347232F902F008B68F1 /* Release */,
			);
			defaultConfigurationIsVisible = 0;
			defaultConfigurationName = Release;
		};
/* End XCConfigurationList section */
	};
	rootObject = 9A0BE30B232F902E008B68F1 /* Project object */;
}
