// !$*UTF8*$!
{
	archiveVersion = 1;
	classes = {
	};
	objectVersion = 50;
	objects = {

/* Begin PBXBuildFile section */
		9A121B1C235758FD006B3368 /* AppDelegate.m in Sources */ = {isa = PBXBuildFile; fileRef = 9A121B1B235758FD006B3368 /* AppDelegate.m */; };
		9A121B1F235758FD006B3368 /* SceneDelegate.m in Sources */ = {isa = PBXBuildFile; fileRef = 9A121B1E235758FD006B3368 /* SceneDelegate.m */; };
		9A121B22235758FD006B3368 /* ViewController.m in Sources */ = {isa = PBXBuildFile; fileRef = 9A121B21235758FD006B3368 /* ViewController.m */; };
		9A121B25235758FD006B3368 /* Main.storyboard in Resources */ = {isa = PBXBuildFile; fileRef = 9A121B23235758FD006B3368 /* Main.storyboard */; };
		9A121B27235758FE006B3368 /* Assets.xcassets in Resources */ = {isa = PBXBuildFile; fileRef = 9A121B26235758FE006B3368 /* Assets.xcassets */; };
		9A121B2A235758FE006B3368 /* LaunchScreen.storyboard in Resources */ = {isa = PBXBuildFile; fileRef = 9A121B28235758FE006B3368 /* LaunchScreen.storyboard */; };
		9A121B2D235758FE006B3368 /* main.m in Sources */ = {isa = PBXBuildFile; fileRef = 9A121B2C235758FE006B3368 /* main.m */; };
		9A121B37235758FE006B3368 /* FJFViewBorderDemoTests.m in Sources */ = {isa = PBXBuildFile; fileRef = 9A121B36235758FE006B3368 /* FJFViewBorderDemoTests.m */; };
		9A121B42235758FE006B3368 /* FJFViewBorderDemoUITests.m in Sources */ = {isa = PBXBuildFile; fileRef = 9A121B41235758FE006B3368 /* FJFViewBorderDemoUITests.m */; };
		9A121B5223575909006B3368 /* UIView+FJFCornerBorder.m in Sources */ = {isa = PBXBuildFile; fileRef = 9A121B5123575909006B3368 /* UIView+FJFCornerBorder.m */; };
/* End PBXBuildFile section */

/* Begin PBXContainerItemProxy section */
		9A121B33235758FE006B3368 /* PBXContainerItemProxy */ = {
			isa = PBXContainerItemProxy;
			containerPortal = 9A121B0F235758FD006B3368 /* Project object */;
			proxyType = 1;
			remoteGlobalIDString = 9A121B16235758FD006B3368;
			remoteInfo = FJFViewBorderDemo;
		};
		9A121B3E235758FE006B3368 /* PBXContainerItemProxy */ = {
			isa = PBXContainerItemProxy;
			containerPortal = 9A121B0F235758FD006B3368 /* Project object */;
			proxyType = 1;
			remoteGlobalIDString = 9A121B16235758FD006B3368;
			remoteInfo = FJFViewBorderDemo;
		};
/* End PBXContainerItemProxy section */

/* Begin PBXFileReference section */
		9A121B17235758FD006B3368 /* FJFViewBorderDemo.app */ = {isa = PBXFileReference; explicitFileType = wrapper.application; includeInIndex = 0; path = FJFViewBorderDemo.app; sourceTree = BUILT_PRODUCTS_DIR; };
		9A121B1A235758FD006B3368 /* AppDelegate.h */ = {isa = PBXFileReference; lastKnownFileType = sourcecode.c.h; path = AppDelegate.h; sourceTree = "<group>"; };
		9A121B1B235758FD006B3368 /* AppDelegate.m */ = {isa = PBXFileReference; lastKnownFileType = sourcecode.c.objc; path = AppDelegate.m; sourceTree = "<group>"; };
		9A121B1D235758FD006B3368 /* SceneDelegate.h */ = {isa = PBXFileReference; lastKnownFileType = sourcecode.c.h; path = SceneDelegate.h; sourceTree = "<group>"; };
		9A121B1E235758FD006B3368 /* SceneDelegate.m */ = {isa = PBXFileReference; lastKnownFileType = sourcecode.c.objc; path = SceneDelegate.m; sourceTree = "<group>"; };
		9A121B20235758FD006B3368 /* ViewController.h */ = {isa = PBXFileReference; lastKnownFileType = sourcecode.c.h; path = ViewController.h; sourceTree = "<group>"; };
		9A121B21235758FD006B3368 /* ViewController.m */ = {isa = PBXFileReference; lastKnownFileType = sourcecode.c.objc; path = ViewController.m; sourceTree = "<group>"; };
		9A121B24235758FD006B3368 /* Base */ = {isa = PBXFileReference; lastKnownFileType = file.storyboard; name = Base; path = Base.lproj/Main.storyboard; sourceTree = "<group>"; };
		9A121B26235758FE006B3368 /* Assets.xcassets */ = {isa = PBXFileReference; lastKnownFileType = folder.assetcatalog; path = Assets.xcassets; sourceTree = "<group>"; };
		9A121B29235758FE006B3368 /* Base */ = {isa = PBXFileReference; lastKnownFileType = file.storyboard; name = Base; path = Base.lproj/LaunchScreen.storyboard; sourceTree = "<group>"; };
		9A121B2B235758FE006B3368 /* Info.plist */ = {isa = PBXFileReference; lastKnownFileType = text.plist.xml; path = Info.plist; sourceTree = "<group>"; };
		9A121B2C235758FE006B3368 /* main.m */ = {isa = PBXFileReference; lastKnownFileType = sourcecode.c.objc; path = main.m; sourceTree = "<group>"; };
		9A121B32235758FE006B3368 /* FJFViewBorderDemoTests.xctest */ = {isa = PBXFileReference; explicitFileType = wrapper.cfbundle; includeInIndex = 0; path = FJFViewBorderDemoTests.xctest; sourceTree = BUILT_PRODUCTS_DIR; };
		9A121B36235758FE006B3368 /* FJFViewBorderDemoTests.m */ = {isa = PBXFileReference; lastKnownFileType = sourcecode.c.objc; path = FJFViewBorderDemoTests.m; sourceTree = "<group>"; };
		9A121B38235758FE006B3368 /* Info.plist */ = {isa = PBXFileReference; lastKnownFileType = text.plist.xml; path = Info.plist; sourceTree = "<group>"; };
		9A121B3D235758FE006B3368 /* FJFViewBorderDemoUITests.xctest */ = {isa = PBXFileReference; explicitFileType = wrapper.cfbundle; includeInIndex = 0; path = FJFViewBorderDemoUITests.xctest; sourceTree = BUILT_PRODUCTS_DIR; };
		9A121B41235758FE006B3368 /* FJFViewBorderDemoUITests.m */ = {isa = PBXFileReference; lastKnownFileType = sourcecode.c.objc; path = FJFViewBorderDemoUITests.m; sourceTree = "<group>"; };
		9A121B43235758FE006B3368 /* Info.plist */ = {isa = PBXFileReference; lastKnownFileType = text.plist.xml; path = Info.plist; sourceTree = "<group>"; };
		9A121B5023575909006B3368 /* UIView+FJFCornerBorder.h */ = {isa = PBXFileReference; fileEncoding = 4; lastKnownFileType = sourcecode.c.h; path = "UIView+FJFCornerBorder.h"; sourceTree = "<group>"; };
		9A121B5123575909006B3368 /* UIView+FJFCornerBorder.m */ = {isa = PBXFileReference; fileEncoding = 4; lastKnownFileType = sourcecode.c.objc; path = "UIView+FJFCornerBorder.m"; sourceTree = "<group>"; };
/* End PBXFileReference section */

/* Begin PBXFrameworksBuildPhase section */
		9A121B14235758FD006B3368 /* Frameworks */ = {
			isa = PBXFrameworksBuildPhase;
			buildActionMask = 2147483647;
			files = (
			);
			runOnlyForDeploymentPostprocessing = 0;
		};
		9A121B2F235758FE006B3368 /* Frameworks */ = {
			isa = PBXFrameworksBuildPhase;
			buildActionMask = 2147483647;
			files = (
			);
			runOnlyForDeploymentPostprocessing = 0;
		};
		9A121B3A235758FE006B3368 /* Frameworks */ = {
			isa = PBXFrameworksBuildPhase;
			buildActionMask = 2147483647;
			files = (
			);
			runOnlyForDeploymentPostprocessing = 0;
		};
/* End PBXFrameworksBuildPhase section */

/* Begin PBXGroup section */
		9A121B0E235758FD006B3368 = {
			isa = PBXGroup;
			children = (
				9A121B19235758FD006B3368 /* FJFViewBorderDemo */,
				9A121B35235758FE006B3368 /* FJFViewBorderDemoTests */,
				9A121B40235758FE006B3368 /* FJFViewBorderDemoUITests */,
				9A121B18235758FD006B3368 /* Products */,
			);
			sourceTree = "<group>";
		};
		9A121B18235758FD006B3368 /* Products */ = {
			isa = PBXGroup;
			children = (
				9A121B17235758FD006B3368 /* FJFViewBorderDemo.app */,
				9A121B32235758FE006B3368 /* FJFViewBorderDemoTests.xctest */,
				9A121B3D235758FE006B3368 /* FJFViewBorderDemoUITests.xctest */,
			);
			name = Products;
			sourceTree = "<group>";
		};
		9A121B19235758FD006B3368 /* FJFViewBorderDemo */ = {
			isa = PBXGroup;
			children = (
				9A121B4F23575909006B3368 /* Category */,
				9A121B1A235758FD006B3368 /* AppDelegate.h */,
				9A121B1B235758FD006B3368 /* AppDelegate.m */,
				9A121B1D235758FD006B3368 /* SceneDelegate.h */,
				9A121B1E235758FD006B3368 /* SceneDelegate.m */,
				9A121B20235758FD006B3368 /* ViewController.h */,
				9A121B21235758FD006B3368 /* ViewController.m */,
				9A121B23235758FD006B3368 /* Main.storyboard */,
				9A121B26235758FE006B3368 /* Assets.xcassets */,
				9A121B28235758FE006B3368 /* LaunchScreen.storyboard */,
				9A121B2B235758FE006B3368 /* Info.plist */,
				9A121B2C235758FE006B3368 /* main.m */,
			);
			path = FJFViewBorderDemo;
			sourceTree = "<group>";
		};
		9A121B35235758FE006B3368 /* FJFViewBorderDemoTests */ = {
			isa = PBXGroup;
			children = (
				9A121B36235758FE006B3368 /* FJFViewBorderDemoTests.m */,
				9A121B38235758FE006B3368 /* Info.plist */,
			);
			path = FJFViewBorderDemoTests;
			sourceTree = "<group>";
		};
		9A121B40235758FE006B3368 /* FJFViewBorderDemoUITests */ = {
			isa = PBXGroup;
			children = (
				9A121B41235758FE006B3368 /* FJFViewBorderDemoUITests.m */,
				9A121B43235758FE006B3368 /* Info.plist */,
			);
			path = FJFViewBorderDemoUITests;
			sourceTree = "<group>";
		};
		9A121B4F23575909006B3368 /* Category */ = {
			isa = PBXGroup;
			children = (
				9A121B5023575909006B3368 /* UIView+FJFCornerBorder.h */,
				9A121B5123575909006B3368 /* UIView+FJFCornerBorder.m */,
			);
			path = Category;
			sourceTree = "<group>";
		};
/* End PBXGroup section */

/* Begin PBXNativeTarget section */
		9A121B16235758FD006B3368 /* FJFViewBorderDemo */ = {
			isa = PBXNativeTarget;
			buildConfigurationList = 9A121B46235758FE006B3368 /* Build configuration list for PBXNativeTarget "FJFViewBorderDemo" */;
			buildPhases = (
				9A121B13235758FD006B3368 /* Sources */,
				9A121B14235758FD006B3368 /* Frameworks */,
				9A121B15235758FD006B3368 /* Resources */,
			);
			buildRules = (
			);
			dependencies = (
			);
			name = FJFViewBorderDemo;
			productName = FJFViewBorderDemo;
			productReference = 9A121B17235758FD006B3368 /* FJFViewBorderDemo.app */;
			productType = "com.apple.product-type.application";
		};
		9A121B31235758FE006B3368 /* FJFViewBorderDemoTests */ = {
			isa = PBXNativeTarget;
			buildConfigurationList = 9A121B49235758FE006B3368 /* Build configuration list for PBXNativeTarget "FJFViewBorderDemoTests" */;
			buildPhases = (
				9A121B2E235758FE006B3368 /* Sources */,
				9A121B2F235758FE006B3368 /* Frameworks */,
				9A121B30235758FE006B3368 /* Resources */,
			);
			buildRules = (
			);
			dependencies = (
				9A121B34235758FE006B3368 /* PBXTargetDependency */,
			);
			name = FJFViewBorderDemoTests;
			productName = FJFViewBorderDemoTests;
			productReference = 9A121B32235758FE006B3368 /* FJFViewBorderDemoTests.xctest */;
			productType = "com.apple.product-type.bundle.unit-test";
		};
		9A121B3C235758FE006B3368 /* FJFViewBorderDemoUITests */ = {
			isa = PBXNativeTarget;
			buildConfigurationList = 9A121B4C235758FE006B3368 /* Build configuration list for PBXNativeTarget "FJFViewBorderDemoUITests" */;
			buildPhases = (
				9A121B39235758FE006B3368 /* Sources */,
				9A121B3A235758FE006B3368 /* Frameworks */,
				9A121B3B235758FE006B3368 /* Resources */,
			);
			buildRules = (
			);
			dependencies = (
				9A121B3F235758FE006B3368 /* PBXTargetDependency */,
			);
			name = FJFViewBorderDemoUITests;
			productName = FJFViewBorderDemoUITests;
			productReference = 9A121B3D235758FE006B3368 /* FJFViewBorderDemoUITests.xctest */;
			productType = "com.apple.product-type.bundle.ui-testing";
		};
/* End PBXNativeTarget section */

/* Begin PBXProject section */
		9A121B0F235758FD006B3368 /* Project object */ = {
			isa = PBXProject;
			attributes = {
				LastUpgradeCheck = 1100;
				ORGANIZATIONNAME = macmini;
				TargetAttributes = {
					9A121B16235758FD006B3368 = {
						CreatedOnToolsVersion = 11.0;
					};
					9A121B31235758FE006B3368 = {
						CreatedOnToolsVersion = 11.0;
						TestTargetID = 9A121B16235758FD006B3368;
					};
					9A121B3C235758FE006B3368 = {
						CreatedOnToolsVersion = 11.0;
						TestTargetID = 9A121B16235758FD006B3368;
					};
				};
			};
			buildConfigurationList = 9A121B12235758FD006B3368 /* Build configuration list for PBXProject "FJFViewBorderDemo" */;
			compatibilityVersion = "Xcode 9.3";
			developmentRegion = en;
			hasScannedForEncodings = 0;
			knownRegions = (
				en,
				Base,
			);
			mainGroup = 9A121B0E235758FD006B3368;
			productRefGroup = 9A121B18235758FD006B3368 /* Products */;
			projectDirPath = "";
			projectRoot = "";
			targets = (
				9A121B16235758FD006B3368 /* FJFViewBorderDemo */,
				9A121B31235758FE006B3368 /* FJFViewBorderDemoTests */,
				9A121B3C235758FE006B3368 /* FJFViewBorderDemoUITests */,
			);
		};
/* End PBXProject section */

/* Begin PBXResourcesBuildPhase section */
		9A121B15235758FD006B3368 /* Resources */ = {
			isa = PBXResourcesBuildPhase;
			buildActionMask = 2147483647;
			files = (
				9A121B2A235758FE006B3368 /* LaunchScreen.storyboard in Resources */,
				9A121B27235758FE006B3368 /* Assets.xcassets in Resources */,
				9A121B25235758FD006B3368 /* Main.storyboard in Resources */,
			);
			runOnlyForDeploymentPostprocessing = 0;
		};
		9A121B30235758FE006B3368 /* Resources */ = {
			isa = PBXResourcesBuildPhase;
			buildActionMask = 2147483647;
			files = (
			);
			runOnlyForDeploymentPostprocessing = 0;
		};
		9A121B3B235758FE006B3368 /* Resources */ = {
			isa = PBXResourcesBuildPhase;
			buildActionMask = 2147483647;
			files = (
			);
			runOnlyForDeploymentPostprocessing = 0;
		};
/* End PBXResourcesBuildPhase section */

/* Begin PBXSourcesBuildPhase section */
		9A121B13235758FD006B3368 /* Sources */ = {
			isa = PBXSourcesBuildPhase;
			buildActionMask = 2147483647;
			files = (
				9A121B22235758FD006B3368 /* ViewController.m in Sources */,
				9A121B1C235758FD006B3368 /* AppDelegate.m in Sources */,
				9A121B5223575909006B3368 /* UIView+FJFCornerBorder.m in Sources */,
				9A121B2D235758FE006B3368 /* main.m in Sources */,
				9A121B1F235758FD006B3368 /* SceneDelegate.m in Sources */,
			);
			runOnlyForDeploymentPostprocessing = 0;
		};
		9A121B2E235758FE006B3368 /* Sources */ = {
			isa = PBXSourcesBuildPhase;
			buildActionMask = 2147483647;
			files = (
				9A121B37235758FE006B3368 /* FJFViewBorderDemoTests.m in Sources */,
			);
			runOnlyForDeploymentPostprocessing = 0;
		};
		9A121B39235758FE006B3368 /* Sources */ = {
			isa = PBXSourcesBuildPhase;
			buildActionMask = 2147483647;
			files = (
				9A121B42235758FE006B3368 /* FJFViewBorderDemoUITests.m in Sources */,
			);
			runOnlyForDeploymentPostprocessing = 0;
		};
/* End PBXSourcesBuildPhase section */

/* Begin PBXTargetDependency section */
		9A121B34235758FE006B3368 /* PBXTargetDependency */ = {
			isa = PBXTargetDependency;
			target = 9A121B16235758FD006B3368 /* FJFViewBorderDemo */;
			targetProxy = 9A121B33235758FE006B3368 /* PBXContainerItemProxy */;
		};
		9A121B3F235758FE006B3368 /* PBXTargetDependency */ = {
			isa = PBXTargetDependency;
			target = 9A121B16235758FD006B3368 /* FJFViewBorderDemo */;
			targetProxy = 9A121B3E235758FE006B3368 /* PBXContainerItemProxy */;
		};
/* End PBXTargetDependency section */

/* Begin PBXVariantGroup section */
		9A121B23235758FD006B3368 /* Main.storyboard */ = {
			isa = PBXVariantGroup;
			children = (
				9A121B24235758FD006B3368 /* Base */,
			);
			name = Main.storyboard;
			sourceTree = "<group>";
		};
		9A121B28235758FE006B3368 /* LaunchScreen.storyboard */ = {
			isa = PBXVariantGroup;
			children = (
				9A121B29235758FE006B3368 /* Base */,
			);
			name = LaunchScreen.storyboard;
			sourceTree = "<group>";
		};
/* End PBXVariantGroup section */

/* Begin XCBuildConfiguration section */
		9A121B44235758FE006B3368 /* Debug */ = {
			isa = XCBuildConfiguration;
			buildSettings = {
				ALWAYS_SEARCH_USER_PATHS = NO;
				CLANG_ANALYZER_NONNULL = YES;
				CLANG_ANALYZER_NUMBER_OBJECT_CONVERSION = YES_AGGRESSIVE;
				CLANG_CXX_LANGUAGE_STANDARD = "gnu++14";
				CLANG_CXX_LIBRARY = "libc++";
				CLANG_ENABLE_MODULES = YES;
				CLANG_ENABLE_OBJC_ARC = YES;
				CLANG_ENABLE_OBJC_WEAK = YES;
				CLANG_WARN_BLOCK_CAPTURE_AUTORELEASING = YES;
				CLANG_WARN_BOOL_CONVERSION = YES;
				CLANG_WARN_COMMA = YES;
				CLANG_WARN_CONSTANT_CONVERSION = YES;
				CLANG_WARN_DEPRECATED_OBJC_IMPLEMENTATIONS = YES;
				CLANG_WARN_DIRECT_OBJC_ISA_USAGE = YES_ERROR;
				CLANG_WARN_DOCUMENTATION_COMMENTS = YES;
				CLANG_WARN_EMPTY_BODY = YES;
				CLANG_WARN_ENUM_CONVERSION = YES;
				CLANG_WARN_INFINITE_RECURSION = YES;
				CLANG_WARN_INT_CONVERSION = YES;
				CLANG_WARN_NON_LITERAL_NULL_CONVERSION = YES;
				CLANG_WARN_OBJC_IMPLICIT_RETAIN_SELF = YES;
				CLANG_WARN_OBJC_LITERAL_CONVERSION = YES;
				CLANG_WARN_OBJC_ROOT_CLASS = YES_ERROR;
				CLANG_WARN_RANGE_LOOP_ANALYSIS = YES;
				CLANG_WARN_STRICT_PROTOTYPES = YES;
				CLANG_WARN_SUSPICIOUS_MOVE = YES;
				CLANG_WARN_UNGUARDED_AVAILABILITY = YES_AGGRESSIVE;
				CLANG_WARN_UNREACHABLE_CODE = YES;
				CLANG_WARN__DUPLICATE_METHOD_MATCH = YES;
				COPY_PHASE_STRIP = NO;
				DEBUG_INFORMATION_FORMAT = dwarf;
				ENABLE_STRICT_OBJC_MSGSEND = YES;
				ENABLE_TESTABILITY = YES;
				GCC_C_LANGUAGE_STANDARD = gnu11;
				GCC_DYNAMIC_NO_PIC = NO;
				GCC_NO_COMMON_BLOCKS = YES;
				GCC_OPTIMIZATION_LEVEL = 0;
				GCC_PREPROCESSOR_DEFINITIONS = (
					"DEBUG=1",
					"$(inherited)",
				);
				GCC_WARN_64_TO_32_BIT_CONVERSION = YES;
				GCC_WARN_ABOUT_RETURN_TYPE = YES_ERROR;
				GCC_WARN_UNDECLARED_SELECTOR = YES;
				GCC_WARN_UNINITIALIZED_AUTOS = YES_AGGRESSIVE;
				GCC_WARN_UNUSED_FUNCTION = YES;
				GCC_WARN_UNUSED_VARIABLE = YES;
				IPHONEOS_DEPLOYMENT_TARGET = 13.0;
				MTL_ENABLE_DEBUG_INFO = INCLUDE_SOURCE;
				MTL_FAST_MATH = YES;
				ONLY_ACTIVE_ARCH = YES;
				SDKROOT = iphoneos;
			};
			name = Debug;
		};
		9A121B45235758FE006B3368 /* Release */ = {
			isa = XCBuildConfiguration;
			buildSettings = {
				ALWAYS_SEARCH_USER_PATHS = NO;
				CLANG_ANALYZER_NONNULL = YES;
				CLANG_ANALYZER_NUMBER_OBJECT_CONVERSION = YES_AGGRESSIVE;
				CLANG_CXX_LANGUAGE_STANDARD = "gnu++14";
				CLANG_CXX_LIBRARY = "libc++";
				CLANG_ENABLE_MODULES = YES;
				CLANG_ENABLE_OBJC_ARC = YES;
				CLANG_ENABLE_OBJC_WEAK = YES;
				CLANG_WARN_BLOCK_CAPTURE_AUTORELEASING = YES;
				CLANG_WARN_BOOL_CONVERSION = YES;
				CLANG_WARN_COMMA = YES;
				CLANG_WARN_CONSTANT_CONVERSION = YES;
				CLANG_WARN_DEPRECATED_OBJC_IMPLEMENTATIONS = YES;
				CLANG_WARN_DIRECT_OBJC_ISA_USAGE = YES_ERROR;
				CLANG_WARN_DOCUMENTATION_COMMENTS = YES;
				CLANG_WARN_EMPTY_BODY = YES;
				CLANG_WARN_ENUM_CONVERSION = YES;
				CLANG_WARN_INFINITE_RECURSION = YES;
				CLANG_WARN_INT_CONVERSION = YES;
				CLANG_WARN_NON_LITERAL_NULL_CONVERSION = YES;
				CLANG_WARN_OBJC_IMPLICIT_RETAIN_SELF = YES;
				CLANG_WARN_OBJC_LITERAL_CONVERSION = YES;
				CLANG_WARN_OBJC_ROOT_CLASS = YES_ERROR;
				CLANG_WARN_RANGE_LOOP_ANALYSIS = YES;
				CLANG_WARN_STRICT_PROTOTYPES = YES;
				CLANG_WARN_SUSPICIOUS_MOVE = YES;
				CLANG_WARN_UNGUARDED_AVAILABILITY = YES_AGGRESSIVE;
				CLANG_WARN_UNREACHABLE_CODE = YES;
				CLANG_WARN__DUPLICATE_METHOD_MATCH = YES;
				COPY_PHASE_STRIP = NO;
				DEBUG_INFORMATION_FORMAT = "dwarf-with-dsym";
				ENABLE_NS_ASSERTIONS = NO;
				ENABLE_STRICT_OBJC_MSGSEND = YES;
				GCC_C_LANGUAGE_STANDARD = gnu11;
				GCC_NO_COMMON_BLOCKS = YES;
				GCC_WARN_64_TO_32_BIT_CONVERSION = YES;
				GCC_WARN_ABOUT_RETURN_TYPE = YES_ERROR;
				GCC_WARN_UNDECLARED_SELECTOR = YES;
				GCC_WARN_UNINITIALIZED_AUTOS = YES_AGGRESSIVE;
				GCC_WARN_UNUSED_FUNCTION = YES;
				GCC_WARN_UNUSED_VARIABLE = YES;
				IPHONEOS_DEPLOYMENT_TARGET = 13.0;
				MTL_ENABLE_DEBUG_INFO = NO;
				MTL_FAST_MATH = YES;
				SDKROOT = iphoneos;
				VALIDATE_PRODUCT = YES;
			};
			name = Release;
		};
		9A121B47235758FE006B3368 /* Debug */ = {
			isa = XCBuildConfiguration;
			buildSettings = {
				ASSETCATALOG_COMPILER_APPICON_NAME = AppIcon;
				CODE_SIGN_STYLE = Automatic;
				DEVELOPMENT_TEAM = SDMS3W5X5V;
				INFOPLIST_FILE = FJFViewBorderDemo/Info.plist;
				LD_RUNPATH_SEARCH_PATHS = (
					"$(inherited)",
					"@executable_path/Frameworks",
				);
				PRODUCT_BUNDLE_IDENTIFIER = FJF.FJFViewBorderDemo;
				PRODUCT_NAME = "$(TARGET_NAME)";
				TARGETED_DEVICE_FAMILY = "1,2";
			};
			name = Debug;
		};
		9A121B48235758FE006B3368 /* Release */ = {
			isa = XCBuildConfiguration;
			buildSettings = {
				ASSETCATALOG_COMPILER_APPICON_NAME = AppIcon;
				CODE_SIGN_STYLE = Automatic;
				DEVELOPMENT_TEAM = SDMS3W5X5V;
				INFOPLIST_FILE = FJFViewBorderDemo/Info.plist;
				LD_RUNPATH_SEARCH_PATHS = (
					"$(inherited)",
					"@executable_path/Frameworks",
				);
				PRODUCT_BUNDLE_IDENTIFIER = FJF.FJFViewBorderDemo;
				PRODUCT_NAME = "$(TARGET_NAME)";
				TARGETED_DEVICE_FAMILY = "1,2";
			};
			name = Release;
		};
		9A121B4A235758FE006B3368 /* Debug */ = {
			isa = XCBuildConfiguration;
			buildSettings = {
				BUNDLE_LOADER = "$(TEST_HOST)";
				CODE_SIGN_STYLE = Automatic;
				DEVELOPMENT_TEAM = SDMS3W5X5V;
				INFOPLIST_FILE = FJFViewBorderDemoTests/Info.plist;
				IPHONEOS_DEPLOYMENT_TARGET = 13.0;
				LD_RUNPATH_SEARCH_PATHS = (
					"$(inherited)",
					"@executable_path/Frameworks",
					"@loader_path/Frameworks",
				);
				PRODUCT_BUNDLE_IDENTIFIER = FJF.FJFViewBorderDemoTests;
				PRODUCT_NAME = "$(TARGET_NAME)";
				TARGETED_DEVICE_FAMILY = "1,2";
				TEST_HOST = "$(BUILT_PRODUCTS_DIR)/FJFViewBorderDemo.app/FJFViewBorderDemo";
			};
			name = Debug;
		};
		9A121B4B235758FE006B3368 /* Release */ = {
			isa = XCBuildConfiguration;
			buildSettings = {
				BUNDLE_LOADER = "$(TEST_HOST)";
				CODE_SIGN_STYLE = Automatic;
				DEVELOPMENT_TEAM = SDMS3W5X5V;
				INFOPLIST_FILE = FJFViewBorderDemoTests/Info.plist;
				IPHONEOS_DEPLOYMENT_TARGET = 13.0;
				LD_RUNPATH_SEARCH_PATHS = (
					"$(inherited)",
					"@executable_path/Frameworks",
					"@loader_path/Frameworks",
				);
				PRODUCT_BUNDLE_IDENTIFIER = FJF.FJFViewBorderDemoTests;
				PRODUCT_NAME = "$(TARGET_NAME)";
				TARGETED_DEVICE_FAMILY = "1,2";
				TEST_HOST = "$(BUILT_PRODUCTS_DIR)/FJFViewBorderDemo.app/FJFViewBorderDemo";
			};
			name = Release;
		};
		9A121B4D235758FE006B3368 /* Debug */ = {
			isa = XCBuildConfiguration;
			buildSettings = {
				CODE_SIGN_STYLE = Automatic;
				DEVELOPMENT_TEAM = SDMS3W5X5V;
				INFOPLIST_FILE = FJFViewBorderDemoUITests/Info.plist;
				LD_RUNPATH_SEARCH_PATHS = (
					"$(inherited)",
					"@executable_path/Frameworks",
					"@loader_path/Frameworks",
				);
				PRODUCT_BUNDLE_IDENTIFIER = FJF.FJFViewBorderDemoUITests;
				PRODUCT_NAME = "$(TARGET_NAME)";
				TARGETED_DEVICE_FAMILY = "1,2";
				TEST_TARGET_NAME = FJFViewBorderDemo;
			};
			name = Debug;
		};
		9A121B4E235758FE006B3368 /* Release */ = {
			isa = XCBuildConfiguration;
			buildSettings = {
				CODE_SIGN_STYLE = Automatic;
				DEVELOPMENT_TEAM = SDMS3W5X5V;
				INFOPLIST_FILE = FJFViewBorderDemoUITests/Info.plist;
				LD_RUNPATH_SEARCH_PATHS = (
					"$(inherited)",
					"@executable_path/Frameworks",
					"@loader_path/Frameworks",
				);
				PRODUCT_BUNDLE_IDENTIFIER = FJF.FJFViewBorderDemoUITests;
				PRODUCT_NAME = "$(TARGET_NAME)";
				TARGETED_DEVICE_FAMILY = "1,2";
				TEST_TARGET_NAME = FJFViewBorderDemo;
			};
			name = Release;
		};
/* End XCBuildConfiguration section */

/* Begin XCConfigurationList section */
		9A121B12235758FD006B3368 /* Build configuration list for PBXProject "FJFViewBorderDemo" */ = {
			isa = XCConfigurationList;
			buildConfigurations = (
				9A121B44235758FE006B3368 /* Debug */,
				9A121B45235758FE006B3368 /* Release */,
			);
			defaultConfigurationIsVisible = 0;
			defaultConfigurationName = Release;
		};
		9A121B46235758FE006B3368 /* Build configuration list for PBXNativeTarget "FJFViewBorderDemo" */ = {
			isa = XCConfigurationList;
			buildConfigurations = (
				9A121B47235758FE006B3368 /* Debug */,
				9A121B48235758FE006B3368 /* Release */,
			);
			defaultConfigurationIsVisible = 0;
			defaultConfigurationName = Release;
		};
		9A121B49235758FE006B3368 /* Build configuration list for PBXNativeTarget "FJFViewBorderDemoTests" */ = {
			isa = XCConfigurationList;
			buildConfigurations = (
				9A121B4A235758FE006B3368 /* Debug */,
				9A121B4B235758FE006B3368 /* Release */,
			);
			defaultConfigurationIsVisible = 0;
			defaultConfigurationName = Release;
		};
		9A121B4C235758FE006B3368 /* Build configuration list for PBXNativeTarget "FJFViewBorderDemoUITests" */ = {
			isa = XCConfigurationList;
			buildConfigurations = (
				9A121B4D235758FE006B3368 /* Debug */,
				9A121B4E235758FE006B3368 /* Release */,
			);
			defaultConfigurationIsVisible = 0;
			defaultConfigurationName = Release;
		};
/* End XCConfigurationList section */
	};
	rootObject = 9A121B0F235758FD006B3368 /* Project object */;
}
